
Microsoft Visual Studio Solution File, Format Version 12.00
# Visual Studio 15
VisualStudioVersion = 15.0.26124.0
MinimumVisualStudioVersion = 15.0.26124.0
Project("{FAE04EC0-301F-11D3-BF4B-00C04F79EFBC}") = "GameTOP", "GameTOP\GameTOP.csproj", "{B26F6A1E-C69D-4687-BC91-300F2262F3EF}"
EndProject
Project("{FAE04EC0-301F-11D3-BF4B-00C04F79EFBC}") = "GameTOP.Lib", "GameTOP.Lib\GameTOP.Lib.csproj", "{C7020E8B-C816-4C0B-BE09-577A08FDFEB0}"
EndProject
Project("{FAE04EC0-301F-11D3-BF4B-00C04F79EFBC}") = "GameTOP.Interface", "GameTOP.Interface\GameTOP.Interface.csproj", "{F7C4BB28-AE66-459C-903B-39DB6930D93E}"
EndProject
Global
	GlobalSection(SolutionConfigurationPlatforms) = preSolution
		Debug|Any CPU = Debug|Any CPU
		Debug|x64 = Debug|x64
		Debug|x86 = Debug|x86
		Release|Any CPU = Release|Any CPU
		Release|x64 = Release|x64
		Release|x86 = Release|x86
	EndGlobalSection
	GlobalSection(SolutionProperties) = preSolution
		HideSolutionNode = FALSE
	EndGlobalSection
	GlobalSection(ProjectConfigurationPlatforms) = postSolution
		{B26F6A1E-C69D-4687-BC91-300F2262F3EF}.Debug|Any CPU.ActiveCfg = Debug|Any CPU
		{B26F6A1E-C69D-4687-BC91-300F2262F3EF}.Debug|Any CPU.Build.0 = Debug|Any CPU
		{B26F6A1E-C69D-4687-BC91-300F2262F3EF}.Debug|x64.ActiveCfg = Debug|Any CPU
		{B26F6A1E-C69D-4687-BC91-300F2262F3EF}.Debug|x64.Build.0 = Debug|Any CPU
		{B26F6A1E-C69D-4687-BC91-300F2262F3EF}.Debug|x86.ActiveCfg = Debug|Any CPU
		{B26F6A1E-C69D-4687-BC91-300F2262F3EF}.Debug|x86.Build.0 = Debug|Any CPU
		{B26F6A1E-C69D-4687-BC91-300F2262F3EF}.Release|Any CPU.ActiveCfg = Release|Any CPU
		{B26F6A1E-C69D-4687-BC91-300F2262F3EF}.Release|Any CPU.Build.0 = Release|Any CPU
		{B26F6A1E-C69D-4687-BC91-300F2262F3EF}.Release|x64.ActiveCfg = Release|Any CPU
		{B26F6A1E-C69D-4687-BC91-300F2262F3EF}.Release|x64.Build.0 = Release|Any CPU
		{B26F6A1E-C69D-4687-BC91-300F2262F3EF}.Release|x86.ActiveCfg = Release|Any CPU
		{B26F6A1E-C69D-4687-BC91-300F2262F3EF}.Release|x86.Build.0 = Release|Any CPU
		{C7020E8B-C816-4C0B-BE09-577A08FDFEB0}.Debug|Any CPU.ActiveCfg = Debug|Any CPU
		{C7020E8B-C816-4C0B-BE09-577A08FDFEB0}.Debug|Any CPU.Build.0 = Debug|Any CPU
		{C7020E8B-C816-4C0B-BE09-577A08FDFEB0}.Debug|x64.ActiveCfg = Debug|Any CPU
		{C7020E8B-C816-4C0B-BE09-577A08FDFEB0}.Debug|x64.Build.0 = Debug|Any CPU
		{C7020E8B-C816-4C0B-BE09-577A08FDFEB0}.Debug|x86.ActiveCfg = Debug|Any CPU
		{C7020E8B-C816-4C0B-BE09-577A08FDFEB0}.Debug|x86.Build.0 = Debug|Any CPU
		{C7020E8B-C816-4C0B-BE09-577A08FDFEB0}.Release|Any CPU.ActiveCfg = Release|Any CPU
		{C7020E8B-C816-4C0B-BE09-577A08FDFEB0}.Release|Any CPU.Build.0 = Release|Any CPU
		{C7020E8B-C816-4C0B-BE09-577A08FDFEB0}.Release|x64.ActiveCfg = Release|Any CPU
		{C7020E8B-C816-4C0B-BE09-577A08FDFEB0}.Release|x64.Build.0 = Release|Any CPU
		{C7020E8B-C816-4C0B-BE09-577A08FDFEB0}.Release|x86.ActiveCfg = Release|Any CPU
		{C7020E8B-C816-4C0B-BE09-577A08FDFEB0}.Release|x86.Build.0 = Release|Any CPU
		{F7C4BB28-AE66-459C-903B-39DB6930D93E}.Debug|Any CPU.ActiveCfg = Debug|Any CPU
		{F7C4BB28-AE66-459C-903B-39DB6930D93E}.Debug|Any CPU.Build.0 = Debug|Any CPU
		{F7C4BB28-AE66-459C-903B-39DB6930D93E}.Debug|x64.ActiveCfg = Debug|Any CPU
		{F7C4BB28-AE66-459C-903B-39DB6930D93E}.Debug|x64.Build.0 = Debug|Any CPU
		{F7C4BB28-AE66-459C-903B-39DB6930D93E}.Debug|x86.ActiveCfg = Debug|Any CPU
		{F7C4BB28-AE66-459C-903B-39DB6930D93E}.Debug|x86.Build.0 = Debug|Any CPU
		{F7C4BB28-AE66-459C-903B-39DB6930D93E}.Release|Any CPU.ActiveCfg = Release|Any CPU
		{F7C4BB28-AE66-459C-903B-39DB6930D93E}.Release|Any CPU.Build.0 = Release|Any CPU
		{F7C4BB28-AE66-459C-903B-39DB6930D93E}.Release|x64.ActiveCfg = Release|Any CPU
		{F7C4BB28-AE66-459C-903B-39DB6930D93E}.Release|x64.Build.0 = Release|Any CPU
		{F7C4BB28-AE66-459C-903B-39DB6930D93E}.Release|x86.ActiveCfg = Release|Any CPU
		{F7C4BB28-AE66-459C-903B-39DB6930D93E}.Release|x86.Build.0 = Release|Any CPU
	EndGlobalSection
EndGlobal
